lockfileVersion: '9.0'

settings:
  autoInstallPeers: true
  excludeLinksFromLockfile: false

importers:

  .:
    dependencies:
      monaco-languageclient-examples:
        specifier: ../../packages/examples
        version: link:../../packages/examples
      vscode:
        specifier: npm:@codingame/monaco-vscode-extension-api@^34.0.1
        version: '@codingame/monaco-vscode-extension-api@34.0.1'
    devDependencies:
      typescript:
        specifier: ~6.0.3
        version: 6.0.3

packages:

  '@codingame/monaco-vscode-api@34.0.1':
    resolution: {integrity: sha512-LiFstXqNw1PPabjrV3g09/Wu8Ss5f2IlDH2lHlEZaQmhDVdxpDZUKqKaD1hLDKiYwx8lYeHs1yNUab5uUQh4bQ==}

  '@codingame/monaco-vscode-base-service-override@34.0.1':
    resolution: {integrity: sha512-f7QLFt9W5xPx03y7bmmo4IrQNyGHZSICunmBbRVP3T+F8KAD3X5JhMgun6490MT6I25MCtmxrwreQ5xvTHRqUg==}

  '@codingame/monaco-vscode-environment-service-override@34.0.1':
    resolution: {integrity: sha512-cxN+MbUlV1IK0IXp3MerahdoVtLudkpBAwEyfn2uyzkiuRRHtCsNdcf/9Hyy2shFp3kuRRpQLbtIt6ODfYfX6g==}

  '@codingame/monaco-vscode-extension-api@34.0.1':
    resolution: {integrity: sha512-rXGKdTx8XSIr77M5Z+7KsL8YWtCIZJ4ckQ4nVn5lWODsH2uEn8XmPucyWCTR1cmct2D0JWZY+ahLgQ9B/qDENg==}

  '@codingame/monaco-vscode-extensions-service-override@34.0.1':
    resolution: {integrity: sha512-wHDZmFEtOahYXk1H0TeGIV2Ssl6yurYQFX33L5Im1CtypxTMkEm0sP+IvOHLmJbT4X5u5xi7FWNcgoVhbVnYaQ==}

  '@codingame/monaco-vscode-files-service-override@34.0.1':
    resolution: {integrity: sha512-oqWQ0WiQDQRZoA9G68+G+QMAxtCwPFf0RXDD5aUqhXYOXhW/lqwCBwwqdQLoKQyiALfIXF6wU944fkspWPfa3g==}

  '@codingame/monaco-vscode-host-service-override@34.0.1':
    resolution: {integrity: sha512-lVho3RwV0kAtSALAdB0UeglApr/KJQShbGB91KUBjKeOx4J5XGfPL2k2y9yNtGjE8NKuuJ2XaxmhSDdcOkuWDA==}

  '@codingame/monaco-vscode-layout-service-override@34.0.1':
    resolution: {integrity: sha512-5K0xlg5MurqI/qotIye/lq3dynZZ+9uSu8Kz884m6soH08/zIY7peMYj44qhxgv2BRTDlEl1bnR98lDWNv3oSg==}

  '@codingame/monaco-vscode-quickaccess-service-override@34.0.1':
    resolution: {integrity: sha512-6IONyHH5wJHCaZ7CKTL2iz4DpoKmj2SmsHEAjE59OtcgLhqrCYhqBFb/dbse97HMbfYbvQyiMZb/kH3cJf89jQ==}

  '@types/trusted-types@2.0.7':
    resolution: {integrity: sha512-ScaPdn1dQczgbl0QFTeTOmVHFULt394XJgOQNoyVhZ6r2vLnMLJfBPd53SB52T/3G36VI1/g2MZaX0cwDuXsfw==}

  '@vscode/diff@0.0.2-7':
    resolution: {integrity: sha512-zGPIPeUAmQs79u7g6FTLmhlXFIocUTtuHYmCV5lRZf6vlDk7SWEOpBlYY6SsShC3TB/lm2KxXMj9tP32YOPrhg==}

  '@vscode/iconv-lite-umd@0.7.1':
    resolution: {integrity: sha512-tK6k0DXFHW7q5+GGuGZO+phpAqpxO4WXl+BLc/8/uOk3RsM2ssAL3CQUQDb1TGfwltjsauhN6S4ghYZzs4sPFw==}

  dompurify@3.4.9:
    resolution: {integrity: sha512-4dPSRMRDqHvs0V4YDFCsaIZo4if5u0xM+llyxiM2fwuZFdKArUBAF3VtI2+n8NKg9P870WMdYk0UhqQNoWXbfQ==}

  jschardet@3.1.4:
    resolution: {integrity: sha512-/kmVISmrwVwtyYU40iQUOp3SUPk2dhNCMsZBQX0R1/jZ8maaXJ/oZIzUOiyOqcgtLnETFKYChbJ5iDC/eWmFHg==}
    engines: {node: '>=0.1.90'}

  marked@14.0.0:
    resolution: {integrity: sha512-uIj4+faQ+MgHgwUW1l2PsPglZLOLOT1uErt06dAPtx2kjteLAkbsd/0FiYg/MGS+i7ZKLb7w2WClxHkzOOuryQ==}
    engines: {node: '>= 18'}
    hasBin: true

  typescript@6.0.3:
    resolution: {integrity: sha512-y2TvuxSZPDyQakkFRPZHKFm+KKVqIisdg9/CZwm9ftvKXLP8NRWj38/ODjNbr43SsoXqNuAisEf1GdCxqWcdBw==}
    engines: {node: '>=14.17'}
    hasBin: true

snapshots:

  '@codingame/monaco-vscode-api@34.0.1':
    dependencies:
      '@codingame/monaco-vscode-base-service-override': 34.0.1
      '@codingame/monaco-vscode-environment-service-override': 34.0.1
      '@codingame/monaco-vscode-extensions-service-override': 34.0.1
      '@codingame/monaco-vscode-files-service-override': 34.0.1
      '@codingame/monaco-vscode-host-service-override': 34.0.1
      '@codingame/monaco-vscode-layout-service-override': 34.0.1
      '@codingame/monaco-vscode-quickaccess-service-override': 34.0.1
      '@vscode/diff': 0.0.2-7
      '@vscode/iconv-lite-umd': 0.7.1
      dompurify: 3.4.9
      jschardet: 3.1.4
      marked: 14.0.0

  '@codingame/monaco-vscode-base-service-override@34.0.1':
    dependencies:
      '@codingame/monaco-vscode-api': 34.0.1

  '@codingame/monaco-vscode-environment-service-override@34.0.1':
    dependencies:
      '@codingame/monaco-vscode-api': 34.0.1

  '@codingame/monaco-vscode-extension-api@34.0.1':
    dependencies:
      '@codingame/monaco-vscode-api': 34.0.1
      '@codingame/monaco-vscode-extensions-service-override': 34.0.1

  '@codingame/monaco-vscode-extensions-service-override@34.0.1':
    dependencies:
      '@codingame/monaco-vscode-api': 34.0.1
      '@codingame/monaco-vscode-files-service-override': 34.0.1

  '@codingame/monaco-vscode-files-service-override@34.0.1':
    dependencies:
      '@codingame/monaco-vscode-api': 34.0.1

  '@codingame/monaco-vscode-host-service-override@34.0.1':
    dependencies:
      '@codingame/monaco-vscode-api': 34.0.1

  '@codingame/monaco-vscode-layout-service-override@34.0.1':
    dependencies:
      '@codingame/monaco-vscode-api': 34.0.1

  '@codingame/monaco-vscode-quickaccess-service-override@34.0.1':
    dependencies:
      '@codingame/monaco-vscode-api': 34.0.1

  '@types/trusted-types@2.0.7':
    optional: true

  '@vscode/diff@0.0.2-7': {}

  '@vscode/iconv-lite-umd@0.7.1': {}

  dompurify@3.4.9:
    optionalDependencies:
      '@types/trusted-types': 2.0.7

  jschardet@3.1.4: {}

  marked@14.0.0: {}

  typescript@6.0.3: {}
